
Microsoft Visual Studio Solution File, Format Version 12.00
# Visual Studio Version 18
VisualStudioVersion = 18.7.11925.98
MinimumVisualStudioVersion = 10.0.40219.1
Project("{8BC9CEB8-8B4A-11D0-8D11-00A0C91BC942}") = "WTLHelper", "WTLHelper\WTLHelper.vcxproj", "{AE53419F-A769-4548-8E15-E311904DF7DF}"
EndProject
Project("{8BC9CEB8-8B4A-11D0-8D11-00A0C91BC942}") = "HexControl", "HexControl\HexControl.vcxproj", "{EF5C2F6B-5FCD-446C-BE8D-1485407CD65A}"
EndProject
Project("{8BC9CEB8-8B4A-11D0-8D11-00A0C91BC942}") = "MarkdownViewLib", "MarkdownViewLib\MarkdownViewLib.vcxproj", "{8E4A1C2E-5A9C-4B7A-9F3C-1E2D3F4A5B6C}"
EndProject
Project("{8BC9CEB8-8B4A-11D0-8D11-00A0C91BC942}") = "TreeListView", "TreeListView\TreeListView.vcxproj", "{4AE29F49-DD58-4307-BAE5-0BC9E4F81BCA}"
EndProject
Project("{8BC9CEB8-8B4A-11D0-8D11-00A0C91BC942}") = "GraphControl", "GraphControl\GraphControl.vcxproj", "{768E9381-B6E3-4D46-8257-64E5BD8409B2}"
EndProject
Project("{8BC9CEB8-8B4A-11D0-8D11-00A0C91BC942}") = "GraphDemo", "GraphDemo\GraphDemo.vcxproj", "{DDD01A3F-CAA6-4C20-84F3-82E9265CCC46}"
EndProject
Project("{2150E333-8FDC-42A3-9474-1A3956D46DE8}") = "Tests", "Tests", "{2DC4B6D7-7C16-44F5-97C3-7235FFDF0C32}"
EndProject
Project("{8BC9CEB8-8B4A-11D0-8D11-00A0C91BC942}") = "TreeListViewDemo", "TreeListViewDemo\TreeListViewDemo.vcxproj", "{4EB234EF-1C24-4C43-9436-A5A83803D223}"
EndProject
Global
	GlobalSection(SolutionConfigurationPlatforms) = preSolution
		Debug|ARM64 = Debug|ARM64
		Debug|x64 = Debug|x64
		Debug|x86 = Debug|x86
		Release|ARM64 = Release|ARM64
		Release|x64 = Release|x64
		Release|x86 = Release|x86
	EndGlobalSection
	GlobalSection(ProjectConfigurationPlatforms) = postSolution
		{AE53419F-A769-4548-8E15-E311904DF7DF}.Debug|ARM64.ActiveCfg = Debug|ARM64
		{AE53419F-A769-4548-8E15-E311904DF7DF}.Debug|ARM64.Build.0 = Debug|ARM64
		{AE53419F-A769-4548-8E15-E311904DF7DF}.Debug|x64.ActiveCfg = Debug|x64
		{AE53419F-A769-4548-8E15-E311904DF7DF}.Debug|x64.Build.0 = Debug|x64
		{AE53419F-A769-4548-8E15-E311904DF7DF}.Debug|x86.ActiveCfg = Debug|Win32
		{AE53419F-A769-4548-8E15-E311904DF7DF}.Debug|x86.Build.0 = Debug|Win32
		{AE53419F-A769-4548-8E15-E311904DF7DF}.Release|ARM64.ActiveCfg = Release|ARM64
		{AE53419F-A769-4548-8E15-E311904DF7DF}.Release|ARM64.Build.0 = Release|ARM64
		{AE53419F-A769-4548-8E15-E311904DF7DF}.Release|x64.ActiveCfg = Release|x64
		{AE53419F-A769-4548-8E15-E311904DF7DF}.Release|x64.Build.0 = Release|x64
		{AE53419F-A769-4548-8E15-E311904DF7DF}.Release|x86.ActiveCfg = Release|Win32
		{AE53419F-A769-4548-8E15-E311904DF7DF}.Release|x86.Build.0 = Release|Win32
		{EF5C2F6B-5FCD-446C-BE8D-1485407CD65A}.Debug|ARM64.ActiveCfg = Debug|x64
		{EF5C2F6B-5FCD-446C-BE8D-1485407CD65A}.Debug|ARM64.Build.0 = Debug|x64
		{EF5C2F6B-5FCD-446C-BE8D-1485407CD65A}.Debug|x64.ActiveCfg = Debug|x64
		{EF5C2F6B-5FCD-446C-BE8D-1485407CD65A}.Debug|x64.Build.0 = Debug|x64
		{EF5C2F6B-5FCD-446C-BE8D-1485407CD65A}.Debug|x86.ActiveCfg = Debug|Win32
		{EF5C2F6B-5FCD-446C-BE8D-1485407CD65A}.Debug|x86.Build.0 = Debug|Win32
		{EF5C2F6B-5FCD-446C-BE8D-1485407CD65A}.Release|ARM64.ActiveCfg = Release|x64
		{EF5C2F6B-5FCD-446C-BE8D-1485407CD65A}.Release|ARM64.Build.0 = Release|x64
		{EF5C2F6B-5FCD-446C-BE8D-1485407CD65A}.Release|x64.ActiveCfg = Release|x64
		{EF5C2F6B-5FCD-446C-BE8D-1485407CD65A}.Release|x64.Build.0 = Release|x64
		{EF5C2F6B-5FCD-446C-BE8D-1485407CD65A}.Release|x86.ActiveCfg = Release|Win32
		{EF5C2F6B-5FCD-446C-BE8D-1485407CD65A}.Release|x86.Build.0 = Release|Win32
		{8E4A1C2E-5A9C-4B7A-9F3C-1E2D3F4A5B6C}.Debug|ARM64.ActiveCfg = Debug|x64
		{8E4A1C2E-5A9C-4B7A-9F3C-1E2D3F4A5B6C}.Debug|ARM64.Build.0 = Debug|x64
		{8E4A1C2E-5A9C-4B7A-9F3C-1E2D3F4A5B6C}.Debug|x64.ActiveCfg = Debug|x64
		{8E4A1C2E-5A9C-4B7A-9F3C-1E2D3F4A5B6C}.Debug|x64.Build.0 = Debug|x64
		{8E4A1C2E-5A9C-4B7A-9F3C-1E2D3F4A5B6C}.Debug|x86.ActiveCfg = Debug|x64
		{8E4A1C2E-5A9C-4B7A-9F3C-1E2D3F4A5B6C}.Debug|x86.Build.0 = Debug|x64
		{8E4A1C2E-5A9C-4B7A-9F3C-1E2D3F4A5B6C}.Release|ARM64.ActiveCfg = Release|x64
		{8E4A1C2E-5A9C-4B7A-9F3C-1E2D3F4A5B6C}.Release|ARM64.Build.0 = Release|x64
		{8E4A1C2E-5A9C-4B7A-9F3C-1E2D3F4A5B6C}.Release|x64.ActiveCfg = Release|x64
		{8E4A1C2E-5A9C-4B7A-9F3C-1E2D3F4A5B6C}.Release|x64.Build.0 = Release|x64
		{8E4A1C2E-5A9C-4B7A-9F3C-1E2D3F4A5B6C}.Release|x86.ActiveCfg = Release|x64
		{8E4A1C2E-5A9C-4B7A-9F3C-1E2D3F4A5B6C}.Release|x86.Build.0 = Release|x64
		{4AE29F49-DD58-4307-BAE5-0BC9E4F81BCA}.Debug|ARM64.ActiveCfg = Debug|x64
		{4AE29F49-DD58-4307-BAE5-0BC9E4F81BCA}.Debug|ARM64.Build.0 = Debug|x64
		{4AE29F49-DD58-4307-BAE5-0BC9E4F81BCA}.Debug|x64.ActiveCfg = Debug|x64
		{4AE29F49-DD58-4307-BAE5-0BC9E4F81BCA}.Debug|x64.Build.0 = Debug|x64
		{4AE29F49-DD58-4307-BAE5-0BC9E4F81BCA}.Debug|x86.ActiveCfg = Debug|Win32
		{4AE29F49-DD58-4307-BAE5-0BC9E4F81BCA}.Debug|x86.Build.0 = Debug|Win32
		{4AE29F49-DD58-4307-BAE5-0BC9E4F81BCA}.Release|ARM64.ActiveCfg = Release|x64
		{4AE29F49-DD58-4307-BAE5-0BC9E4F81BCA}.Release|ARM64.Build.0 = Release|x64
		{4AE29F49-DD58-4307-BAE5-0BC9E4F81BCA}.Release|x64.ActiveCfg = Release|x64
		{4AE29F49-DD58-4307-BAE5-0BC9E4F81BCA}.Release|x64.Build.0 = Release|x64
		{4AE29F49-DD58-4307-BAE5-0BC9E4F81BCA}.Release|x86.ActiveCfg = Release|Win32
		{4AE29F49-DD58-4307-BAE5-0BC9E4F81BCA}.Release|x86.Build.0 = Release|Win32
		{768E9381-B6E3-4D46-8257-64E5BD8409B2}.Debug|ARM64.ActiveCfg = Debug|x64
		{768E9381-B6E3-4D46-8257-64E5BD8409B2}.Debug|ARM64.Build.0 = Debug|x64
		{768E9381-B6E3-4D46-8257-64E5BD8409B2}.Debug|x64.ActiveCfg = Debug|x64
		{768E9381-B6E3-4D46-8257-64E5BD8409B2}.Debug|x64.Build.0 = Debug|x64
		{768E9381-B6E3-4D46-8257-64E5BD8409B2}.Debug|x86.ActiveCfg = Debug|Win32
		{768E9381-B6E3-4D46-8257-64E5BD8409B2}.Debug|x86.Build.0 = Debug|Win32
		{768E9381-B6E3-4D46-8257-64E5BD8409B2}.Release|ARM64.ActiveCfg = Release|x64
		{768E9381-B6E3-4D46-8257-64E5BD8409B2}.Release|ARM64.Build.0 = Release|x64
		{768E9381-B6E3-4D46-8257-64E5BD8409B2}.Release|x64.ActiveCfg = Release|x64
		{768E9381-B6E3-4D46-8257-64E5BD8409B2}.Release|x64.Build.0 = Release|x64
		{768E9381-B6E3-4D46-8257-64E5BD8409B2}.Release|x86.ActiveCfg = Release|Win32
		{768E9381-B6E3-4D46-8257-64E5BD8409B2}.Release|x86.Build.0 = Release|Win32
		{DDD01A3F-CAA6-4C20-84F3-82E9265CCC46}.Debug|ARM64.ActiveCfg = Debug|x64
		{DDD01A3F-CAA6-4C20-84F3-82E9265CCC46}.Debug|ARM64.Build.0 = Debug|x64
		{DDD01A3F-CAA6-4C20-84F3-82E9265CCC46}.Debug|x64.ActiveCfg = Debug|x64
		{DDD01A3F-CAA6-4C20-84F3-82E9265CCC46}.Debug|x64.Build.0 = Debug|x64
		{DDD01A3F-CAA6-4C20-84F3-82E9265CCC46}.Debug|x86.ActiveCfg = Debug|Win32
		{DDD01A3F-CAA6-4C20-84F3-82E9265CCC46}.Debug|x86.Build.0 = Debug|Win32
		{DDD01A3F-CAA6-4C20-84F3-82E9265CCC46}.Release|ARM64.ActiveCfg = Release|x64
		{DDD01A3F-CAA6-4C20-84F3-82E9265CCC46}.Release|ARM64.Build.0 = Release|x64
		{DDD01A3F-CAA6-4C20-84F3-82E9265CCC46}.Release|x64.ActiveCfg = Release|x64
		{DDD01A3F-CAA6-4C20-84F3-82E9265CCC46}.Release|x64.Build.0 = Release|x64
		{DDD01A3F-CAA6-4C20-84F3-82E9265CCC46}.Release|x86.ActiveCfg = Release|Win32
		{DDD01A3F-CAA6-4C20-84F3-82E9265CCC46}.Release|x86.Build.0 = Release|Win32
		{4EB234EF-1C24-4C43-9436-A5A83803D223}.Debug|ARM64.ActiveCfg = Debug|x64
		{4EB234EF-1C24-4C43-9436-A5A83803D223}.Debug|ARM64.Build.0 = Debug|x64
		{4EB234EF-1C24-4C43-9436-A5A83803D223}.Debug|x64.ActiveCfg = Debug|x64
		{4EB234EF-1C24-4C43-9436-A5A83803D223}.Debug|x64.Build.0 = Debug|x64
		{4EB234EF-1C24-4C43-9436-A5A83803D223}.Debug|x86.ActiveCfg = Debug|Win32
		{4EB234EF-1C24-4C43-9436-A5A83803D223}.Debug|x86.Build.0 = Debug|Win32
		{4EB234EF-1C24-4C43-9436-A5A83803D223}.Release|ARM64.ActiveCfg = Release|x64
		{4EB234EF-1C24-4C43-9436-A5A83803D223}.Release|ARM64.Build.0 = Release|x64
		{4EB234EF-1C24-4C43-9436-A5A83803D223}.Release|x64.ActiveCfg = Release|x64
		{4EB234EF-1C24-4C43-9436-A5A83803D223}.Release|x64.Build.0 = Release|x64
		{4EB234EF-1C24-4C43-9436-A5A83803D223}.Release|x86.ActiveCfg = Release|Win32
		{4EB234EF-1C24-4C43-9436-A5A83803D223}.Release|x86.Build.0 = Release|Win32
	EndGlobalSection
	GlobalSection(SolutionProperties) = preSolution
		HideSolutionNode = FALSE
	EndGlobalSection
	GlobalSection(NestedProjects) = preSolution
		{DDD01A3F-CAA6-4C20-84F3-82E9265CCC46} = {2DC4B6D7-7C16-44F5-97C3-7235FFDF0C32}
		{4EB234EF-1C24-4C43-9436-A5A83803D223} = {2DC4B6D7-7C16-44F5-97C3-7235FFDF0C32}
	EndGlobalSection
	GlobalSection(ExtensibilityGlobals) = postSolution
		SolutionGuid = {8653165E-01AB-4E6E-BE88-D83A8F046332}
	EndGlobalSection
EndGlobal
