<?xml version="1.0" encoding="utf-8"?>
<Project ToolsVersion="4.0" xmlns="http://schemas.microsoft.com/developer/msbuild/2003">
  <ItemGroup>
    <Filter Include="Source Files">
      <UniqueIdentifier>{4FC737F1-C7A5-4376-A066-2A32D752A2FF}</UniqueIdentifier>
      <Extensions>cpp;cc;c</Extensions>
    </Filter>
    <Filter Include="Header Files">
      <UniqueIdentifier>{93995380-89BD-4b04-88EB-625FBE52EBFB}</UniqueIdentifier>
      <Extensions>h;hpp</Extensions>
    </Filter>
  </ItemGroup>

  <ItemGroup>
    <ClCompile Include="src\MarkdownView.cpp">
      <Filter>Source Files</Filter>
    </ClCompile>
    <ClCompile Include="src\markdown.cpp">
      <Filter>Source Files</Filter>
    </ClCompile>
    <ClCompile Include="src\themes.cpp">
      <Filter>Source Files</Filter>
    </ClCompile>
    <ClCompile Include="src\d2d_init.cpp">
      <Filter>Source Files</Filter>
    </ClCompile>
    <ClCompile Include="src\syntax.cpp">
      <Filter>Source Files</Filter>
    </ClCompile>
    <ClCompile Include="src\utils.cpp">
      <Filter>Source Files</Filter>
    </ClCompile>
    <ClCompile Include="src\search.cpp">
      <Filter>Source Files</Filter>
    </ClCompile>
    <ClCompile Include="src\render.cpp">
      <Filter>Source Files</Filter>
    </ClCompile>
    <ClCompile Include="src\file_utils.cpp">
      <Filter>Source Files</Filter>
    </ClCompile>
    <ClCompile Include="src\overlays.cpp">
      <Filter>Source Files</Filter>
    </ClCompile>
    <ClCompile Include="src\input.cpp">
      <Filter>Source Files</Filter>
    </ClCompile>
    <ClCompile Include="src\editor.cpp">
      <Filter>Source Files</Filter>
    </ClCompile>
  </ItemGroup>

  <ItemGroup>
    <ClInclude Include="include\app.h">
      <Filter>Header Files</Filter>
    </ClInclude>
    <ClInclude Include="include\MarkdownView.h">
      <Filter>Header Files</Filter>
    </ClInclude>
    <ClInclude Include="include\types.h">
      <Filter>Header Files</Filter>
    </ClInclude>
    <ClInclude Include="include\markdown.h">
      <Filter>Header Files</Filter>
    </ClInclude>
    <ClInclude Include="include\settings.h">
      <Filter>Header Files</Filter>
    </ClInclude>
    <ClInclude Include="include\d2d_init.h">
      <Filter>Header Files</Filter>
    </ClInclude>
    <ClInclude Include="include\syntax.h">
      <Filter>Header Files</Filter>
    </ClInclude>
    <ClInclude Include="include\utils.h">
      <Filter>Header Files</Filter>
    </ClInclude>
    <ClInclude Include="include\search.h">
      <Filter>Header Files</Filter>
    </ClInclude>
    <ClInclude Include="include\render.h">
      <Filter>Header Files</Filter>
    </ClInclude>
    <ClInclude Include="include\file_utils.h">
      <Filter>Header Files</Filter>
    </ClInclude>
    <ClInclude Include="include\overlays.h">
      <Filter>Header Files</Filter>
    </ClInclude>
    <ClInclude Include="include\input.h">
      <Filter>Header Files</Filter>
    </ClInclude>
    <ClInclude Include="include\editor.h">
      <Filter>Header Files</Filter>
    </ClInclude>
  </ItemGroup>
</Project>
