<?xml version="1.0" encoding="utf-8"?>
<Project ToolsVersion="4.0" xmlns="http://schemas.microsoft.com/developer/msbuild/2003">
  <ItemGroup>
    <Filter Include="Source Files">
      <UniqueIdentifier>{4FC737F1-C7A5-4376-A066-2A32D752A2FF}</UniqueIdentifier>
      <Extensions>cpp;c;cc;cxx;c++;cppm;ixx;def;odl;idl;hpj;bat;asm;asmx</Extensions>
    </Filter>
    <Filter Include="Header Files">
      <UniqueIdentifier>{93995380-89BD-4b04-88EB-625FBE52EBFB}</UniqueIdentifier>
      <Extensions>h;hh;hpp;hxx;h++;hm;inl;inc;ipp;xsd</Extensions>
    </Filter>
    <Filter Include="Resource Files">
      <UniqueIdentifier>{67DA6AB6-F800-4c08-8B7A-83BB121AAD01}</UniqueIdentifier>
      <Extensions>rc;ico;cur;bmp;dlg;rc2;rct;bin;rgs;gif;jpg;jpeg;jpe;resx;tiff;tif;png;wav;mfcribbon-ms</Extensions>
    </Filter>
    <Filter Include="Controls">
      <UniqueIdentifier>{8eb4fc42-f179-485d-b361-7206802c01c5}</UniqueIdentifier>
    </Filter>
    <Filter Include="Helpers">
      <UniqueIdentifier>{fb1d7221-8387-42af-a219-d79476d38679}</UniqueIdentifier>
    </Filter>
    <Filter Include="CompoundFiles">
      <UniqueIdentifier>{5a1add79-de8b-4a79-bc69-5c48b7f56917}</UniqueIdentifier>
    </Filter>
    <Filter Include="Framework">
      <UniqueIdentifier>{0ae6aa24-94fe-44c3-9719-aa32a000f39b}</UniqueIdentifier>
    </Filter>
  </ItemGroup>
  <ItemGroup>
    <ClInclude Include="pch.h">
      <Filter>Header Files</Filter>
    </ClInclude>
    <ClInclude Include="ColumnManager.h">
      <Filter>Header Files</Filter>
    </ClInclude>
    <ClInclude Include="IniFile.h">
      <Filter>Header Files</Filter>
    </ClInclude>
    <ClInclude Include="CustomButton.h">
      <Filter>Controls</Filter>
    </ClInclude>
    <ClInclude Include="CustomDialog.h">
      <Filter>Controls</Filter>
    </ClInclude>
    <ClInclude Include="CustomEdit.h">
      <Filter>Controls</Filter>
    </ClInclude>
    <ClInclude Include="CustomHeader.h">
      <Filter>Controls</Filter>
    </ClInclude>
    <ClInclude Include="CustomRebar.h">
      <Filter>Controls</Filter>
    </ClInclude>
    <ClInclude Include="CustomStatusBar.h">
      <Filter>Controls</Filter>
    </ClInclude>
    <ClInclude Include="IconHelper.h">
      <Filter>Helpers</Filter>
    </ClInclude>
    <ClInclude Include="ListViewhelper.h">
      <Filter>Helpers</Filter>
    </ClInclude>
    <ClInclude Include="OwnerDrawnMenu.h">
      <Filter>Controls</Filter>
    </ClInclude>
    <ClInclude Include="DialogHelper.h">
      <Filter>Helpers</Filter>
    </ClInclude>
    <ClInclude Include="ClipboardHelper.h">
      <Filter>Helpers</Filter>
    </ClInclude>
    <ClInclude Include="Settings.h">
      <Filter>Header Files</Filter>
    </ClInclude>
    <ClInclude Include="VirtualListView.h">
      <Filter>Header Files</Filter>
    </ClInclude>
    <ClInclude Include="CompoundFile.h">
      <Filter>CompoundFiles</Filter>
    </ClInclude>
    <ClInclude Include="CompoundFileReaderWriter.h">
      <Filter>CompoundFiles</Filter>
    </ClInclude>
    <ClInclude Include="UIFramework.h">
      <Filter>Framework</Filter>
    </ClInclude>
    <ClInclude Include="TreeViewHelper.h">
      <Filter>Header Files</Filter>
    </ClInclude>
    <ClInclude Include="TreeListViewCtrl.h">
      <Filter>Controls</Filter>
    </ClInclude>
    <ClInclude Include="ToolbarHelper.h">
      <Filter>Helpers</Filter>
    </ClInclude>
    <ClInclude Include="IListView.h">
      <Filter>Header Files</Filter>
    </ClInclude>
  </ItemGroup>
  <ItemGroup>
    <ClCompile Include="WTLHelper.cpp">
      <Filter>Source Files</Filter>
    </ClCompile>
    <ClCompile Include="pch.cpp">
      <Filter>Source Files</Filter>
    </ClCompile>
    <ClCompile Include="ColumnManager.cpp">
      <Filter>Source Files</Filter>
    </ClCompile>
    <ClCompile Include="IniFile.cpp">
      <Filter>Source Files</Filter>
    </ClCompile>
    <ClCompile Include="Theme.cpp">
      <Filter>Source Files</Filter>
    </ClCompile>
    <ClCompile Include="ThemeHelper.cpp">
      <Filter>Source Files</Filter>
    </ClCompile>
    <ClCompile Include="IconHelper.cpp">
      <Filter>Helpers</Filter>
    </ClCompile>
    <ClCompile Include="SortHelper.cpp">
      <Filter>Helpers</Filter>
    </ClCompile>
    <ClCompile Include="StringHelper.cpp">
      <Filter>Helpers</Filter>
    </ClCompile>
    <ClCompile Include="OwnerDrawnMenu.cpp">
      <Filter>Controls</Filter>
    </ClCompile>
    <ClCompile Include="VersionResourceHelper.cpp">
      <Filter>Helpers</Filter>
    </ClCompile>
    <ClCompile Include="ClipboardHelper.cpp">
      <Filter>Helpers</Filter>
    </ClCompile>
    <ClCompile Include="ListViewhelper.cpp">
      <Filter>Helpers</Filter>
    </ClCompile>
    <ClCompile Include="Settings.cpp">
      <Filter>Source Files</Filter>
    </ClCompile>
    <ClCompile Include="CompoundFile.cpp">
      <Filter>CompoundFiles</Filter>
    </ClCompile>
    <ClCompile Include="CompoundFileReaderWriter.cpp">
      <Filter>CompoundFiles</Filter>
    </ClCompile>
    <ClCompile Include="TreeListViewCtrl.cpp">
      <Filter>Controls</Filter>
    </ClCompile>
    <ClCompile Include="ToolbarHelper.cpp">
      <Filter>Helpers</Filter>
    </ClCompile>
  </ItemGroup>
  <ItemGroup>
    <None Include="packages.config" />
  </ItemGroup>
</Project>